
Microsoft Visual Studio Solution File, Format Version 12.00
# Visual Studio Version 17
VisualStudioVersion = 17.7.34031.279
MinimumVisualStudioVersion = 10.0.40219.1
Project("{FAE04EC0-301F-11D3-BF4B-00C04F79EFBC}") = "NUMEROS DE UN RANGO", "NUMEROS DE UN RANGO.csproj", "{5CD2F28C-017D-41BD-ABCD-398E3B018F42}"
EndProject
Global
	GlobalSection(SolutionConfigurationPlatforms) = preSolution
		Debug|Any CPU = Debug|Any CPU
		Release|Any CPU = Release|Any CPU
	EndGlobalSection
	GlobalSection(ProjectConfigurationPlatforms) = postSolution
		{5CD2F28C-017D-41BD-ABCD-398E3B018F42}.Debug|Any CPU.ActiveCfg = Debug|Any CPU
		{5CD2F28C-017D-41BD-ABCD-398E3B018F42}.Debug|Any CPU.Build.0 = Debug|Any CPU
		{5CD2F28C-017D-41BD-ABCD-398E3B018F42}.Release|Any CPU.ActiveCfg = Release|Any CPU
		{5CD2F28C-017D-41BD-ABCD-398E3B018F42}.Release|Any CPU.Build.0 = Release|Any CPU
	EndGlobalSection
	GlobalSection(SolutionProperties) = preSolution
		HideSolutionNode = FALSE
	EndGlobalSection
	GlobalSection(ExtensibilityGlobals) = postSolution
		SolutionGuid = {B0292E80-ECDE-479A-8B71-AB2F35143BD5}
	EndGlobalSection
EndGlobal
