
Microsoft Visual Studio Solution File, Format Version 12.00
# Visual Studio Version 17
VisualStudioVersion = 17.7.34031.279
MinimumVisualStudioVersion = 10.0.40219.1
Project("{FAE04EC0-301F-11D3-BF4B-00C04F79EFBC}") = "ESCRIBE EL FACTORIAL DE UN NUMERO", "ESCRIBE EL FACTORIAL DE UN NUMERO.csproj", "{12E83114-6113-4389-8186-61465CE07E5D}"
EndProject
Global
	GlobalSection(SolutionConfigurationPlatforms) = preSolution
		Debug|Any CPU = Debug|Any CPU
		Release|Any CPU = Release|Any CPU
	EndGlobalSection
	GlobalSection(ProjectConfigurationPlatforms) = postSolution
		{12E83114-6113-4389-8186-61465CE07E5D}.Debug|Any CPU.ActiveCfg = Debug|Any CPU
		{12E83114-6113-4389-8186-61465CE07E5D}.Debug|Any CPU.Build.0 = Debug|Any CPU
		{12E83114-6113-4389-8186-61465CE07E5D}.Release|Any CPU.ActiveCfg = Release|Any CPU
		{12E83114-6113-4389-8186-61465CE07E5D}.Release|Any CPU.Build.0 = Release|Any CPU
	EndGlobalSection
	GlobalSection(SolutionProperties) = preSolution
		HideSolutionNode = FALSE
	EndGlobalSection
	GlobalSection(ExtensibilityGlobals) = postSolution
		SolutionGuid = {1A9C97DC-3D69-4FD5-8929-33652719F14A}
	EndGlobalSection
EndGlobal
