
Microsoft Visual Studio Solution File, Format Version 12.00
# Visual Studio Version 17
VisualStudioVersion = 17.7.34031.279
MinimumVisualStudioVersion = 10.0.40219.1
Project("{FAE04EC0-301F-11D3-BF4B-00C04F79EFBC}") = "IMPRIMIR CON WHILE", "IMPRIMIR CON WHILE.csproj", "{C1EDB869-7061-48B4-A122-6205F184A671}"
EndProject
Global
	GlobalSection(SolutionConfigurationPlatforms) = preSolution
		Debug|Any CPU = Debug|Any CPU
		Release|Any CPU = Release|Any CPU
	EndGlobalSection
	GlobalSection(ProjectConfigurationPlatforms) = postSolution
		{C1EDB869-7061-48B4-A122-6205F184A671}.Debug|Any CPU.ActiveCfg = Debug|Any CPU
		{C1EDB869-7061-48B4-A122-6205F184A671}.Debug|Any CPU.Build.0 = Debug|Any CPU
		{C1EDB869-7061-48B4-A122-6205F184A671}.Release|Any CPU.ActiveCfg = Release|Any CPU
		{C1EDB869-7061-48B4-A122-6205F184A671}.Release|Any CPU.Build.0 = Release|Any CPU
	EndGlobalSection
	GlobalSection(SolutionProperties) = preSolution
		HideSolutionNode = FALSE
	EndGlobalSection
	GlobalSection(ExtensibilityGlobals) = postSolution
		SolutionGuid = {D3BF1EA3-08D3-4DFF-A1FD-5336CA9C1630}
	EndGlobalSection
EndGlobal
