
Microsoft Visual Studio Solution File, Format Version 12.00
# Visual Studio Version 17
VisualStudioVersion = 17.7.34031.279
MinimumVisualStudioVersion = 10.0.40219.1
Project("{FAE04EC0-301F-11D3-BF4B-00C04F79EFBC}") = "VERIFICAR SI ES PAR O IMPAR", "VERIFICAR SI ES PAR O IMPAR.csproj", "{B9008C18-947D-4247-92B4-7492BB3BD9A6}"
EndProject
Global
	GlobalSection(SolutionConfigurationPlatforms) = preSolution
		Debug|Any CPU = Debug|Any CPU
		Release|Any CPU = Release|Any CPU
	EndGlobalSection
	GlobalSection(ProjectConfigurationPlatforms) = postSolution
		{B9008C18-947D-4247-92B4-7492BB3BD9A6}.Debug|Any CPU.ActiveCfg = Debug|Any CPU
		{B9008C18-947D-4247-92B4-7492BB3BD9A6}.Debug|Any CPU.Build.0 = Debug|Any CPU
		{B9008C18-947D-4247-92B4-7492BB3BD9A6}.Release|Any CPU.ActiveCfg = Release|Any CPU
		{B9008C18-947D-4247-92B4-7492BB3BD9A6}.Release|Any CPU.Build.0 = Release|Any CPU
	EndGlobalSection
	GlobalSection(SolutionProperties) = preSolution
		HideSolutionNode = FALSE
	EndGlobalSection
	GlobalSection(ExtensibilityGlobals) = postSolution
		SolutionGuid = {E49BA7CD-EB28-405D-89DB-041E6281E633}
	EndGlobalSection
EndGlobal
